
Microsoft Visual Studio Solution File, Format Version 12.00
# Visual Studio Version 16
VisualStudioVersion = 16.0.31205.134
MinimumVisualStudioVersion = 10.0.40219.1
Project("{FAE04EC0-301F-11D3-BF4B-00C04F79EFBC}") = "Homework 8.2", "Homework 8.2.csproj", "{4255865A-0C98-4F63-8600-1E561DA1A665}"
EndProject
Global
	GlobalSection(SolutionConfigurationPlatforms) = preSolution
		Debug|Any CPU = Debug|Any CPU
		Release|Any CPU = Release|Any CPU
	EndGlobalSection
	GlobalSection(ProjectConfigurationPlatforms) = postSolution
		{4255865A-0C98-4F63-8600-1E561DA1A665}.Debug|Any CPU.ActiveCfg = Debug|Any CPU
		{4255865A-0C98-4F63-8600-1E561DA1A665}.Debug|Any CPU.Build.0 = Debug|Any CPU
		{4255865A-0C98-4F63-8600-1E561DA1A665}.Release|Any CPU.ActiveCfg = Release|Any CPU
		{4255865A-0C98-4F63-8600-1E561DA1A665}.Release|Any CPU.Build.0 = Release|Any CPU
	EndGlobalSection
	GlobalSection(SolutionProperties) = preSolution
		HideSolutionNode = FALSE
	EndGlobalSection
	GlobalSection(ExtensibilityGlobals) = postSolution
		SolutionGuid = {B5F4082E-72E9-4BF8-8975-62E5CA7D64F8}
	EndGlobalSection
EndGlobal
