
Microsoft Visual Studio Solution File, Format Version 12.00
# Visual Studio Version 16
VisualStudioVersion = 16.0.31205.134
MinimumVisualStudioVersion = 10.0.40219.1
Project("{FAE04EC0-301F-11D3-BF4B-00C04F79EFBC}") = "Homework 8.1", "Homework 8.1.csproj", "{DB2CDE27-17E7-4D83-9B47-C4AF078C15B7}"
EndProject
Global
	GlobalSection(SolutionConfigurationPlatforms) = preSolution
		Debug|Any CPU = Debug|Any CPU
		Release|Any CPU = Release|Any CPU
	EndGlobalSection
	GlobalSection(ProjectConfigurationPlatforms) = postSolution
		{DB2CDE27-17E7-4D83-9B47-C4AF078C15B7}.Debug|Any CPU.ActiveCfg = Debug|Any CPU
		{DB2CDE27-17E7-4D83-9B47-C4AF078C15B7}.Debug|Any CPU.Build.0 = Debug|Any CPU
		{DB2CDE27-17E7-4D83-9B47-C4AF078C15B7}.Release|Any CPU.ActiveCfg = Release|Any CPU
		{DB2CDE27-17E7-4D83-9B47-C4AF078C15B7}.Release|Any CPU.Build.0 = Release|Any CPU
	EndGlobalSection
	GlobalSection(SolutionProperties) = preSolution
		HideSolutionNode = FALSE
	EndGlobalSection
	GlobalSection(ExtensibilityGlobals) = postSolution
		SolutionGuid = {BB746322-0419-415D-B17C-42744D96ADAA}
	EndGlobalSection
EndGlobal
